<?xml version="1.0" encoding="utf-8"?>
<Project ToolsVersion="4.0" xmlns="http://schemas.microsoft.com/developer/msbuild/2003">
  <ItemGroup>
    <Filter Include="Resource Files">
      <UniqueIdentifier>{67DA6AB6-F800-4c08-8B7A-83BB121AAD01}</UniqueIdentifier>
      <Extensions>rc;ico;cur;bmp;dlg;rc2;rct;bin;rgs;gif;jpg;jpeg;jpe;resx;tiff;tif;png;wav;mfcribbon-ms</Extensions>
    </Filter>
    <Filter Include="HTML Help Files">
      <UniqueIdentifier>{cb4f1bf8-b6ed-4f2e-82dc-61b9faa22dd2}</UniqueIdentifier>
      <Extensions>hhp;hhc;hhk;gif;jpg</Extensions>
    </Filter>
    <Filter Include="Misc Files">
      <UniqueIdentifier>{93995380-89BD-4b04-88EB-625FBE52EBFB}</UniqueIdentifier>
      <Extensions>h;hpp;hxx;hm;inl;inc;xsd</Extensions>
    </Filter>
    <Filter Include="Remote Console">
      <UniqueIdentifier>{db7f79a9-176f-465a-810a-e78209a0fff3}</UniqueIdentifier>
    </Filter>
    <Filter Include="HTML Help Files\Topics">
      <UniqueIdentifier>{9431f085-31f8-40e4-a04a-551e3bac0635}</UniqueIdentifier>
      <Extensions>htm;html</Extensions>
    </Filter>
    <Filter Include="HTML Help Files\Images">
      <UniqueIdentifier>{57f34ec9-3dd9-45ce-ab82-1bc60027a03f}</UniqueIdentifier>
    </Filter>
    <Filter Include="SQLite Database">
      <UniqueIdentifier>{eba7348c-c39b-4ce4-817e-1eb6dc29f374}</UniqueIdentifier>
    </Filter>
    <Filter Include="Default DB Files">
      <UniqueIdentifier>{a8a73d5a-07c8-4da9-bf52-3598a0e38ccc}</UniqueIdentifier>
    </Filter>
    <Filter Include="Settings Dialogs">
      <UniqueIdentifier>{926f33bb-c23e-48d8-9f2e-cb003bb561b1}</UniqueIdentifier>
    </Filter>
    <Filter Include="Tab Pages">
      <UniqueIdentifier>{819ebd80-bd32-45e6-819a-792a58a216ef}</UniqueIdentifier>
    </Filter>
    <Filter Include="Misc Files\TabCtrl">
      <UniqueIdentifier>{ca51dc4a-8c90-447d-ab98-8dcb78b1022b}</UniqueIdentifier>
    </Filter>
    <Filter Include="Misc Files\BitmapCtrl">
      <UniqueIdentifier>{83db4911-9d48-4b2a-a213-d9f7de706d77}</UniqueIdentifier>
    </Filter>
    <Filter Include="Main Dialog">
      <UniqueIdentifier>{223c1742-ec42-4b36-8f35-196be8074a17}</UniqueIdentifier>
    </Filter>
    <Filter Include="Misc Dialogs">
      <UniqueIdentifier>{d677ed08-45e7-4eb7-b1c7-9648e81f9c84}</UniqueIdentifier>
    </Filter>
    <Filter Include="Misc Files\ButtonCtrl">
      <UniqueIdentifier>{799f5c28-10dd-4fa3-90e1-008f1d38db29}</UniqueIdentifier>
    </Filter>
    <Filter Include="Misc Files\Mul UOP">
      <UniqueIdentifier>{e0e0b048-7125-4017-96f6-1315f73d44dc}</UniqueIdentifier>
    </Filter>
  </ItemGroup>
  <ItemGroup>
    <None Include="res\Zoom_Out.ico">
      <Filter>Resource Files</Filter>
    </None>
    <None Include="res\Account.ico">
      <Filter>Resource Files</Filter>
    </None>
    <None Include="res\Arrow_Down.ico">
      <Filter>Resource Files</Filter>
    </None>
    <None Include="res\Arrow_Down_Left.ico">
      <Filter>Resource Files</Filter>
    </None>
    <None Include="res\Arrow_Down_Right.ico">
      <Filter>Resource Files</Filter>
    </None>
    <None Include="res\Arrow_Left.ico">
      <Filter>Resource Files</Filter>
    </None>
    <None Include="res\Arrow_Right.ico">
      <Filter>Resource Files</Filter>
    </None>
    <None Include="res\Arrow_Up.ico">
      <Filter>Resource Files</Filter>
    </None>
    <None Include="res\Arrow_Up_Left.ico">
      <Filter>Resource Files</Filter>
    </None>
    <None Include="res\Arrow_Up_Right.ico">
      <Filter>Resource Files</Filter>
    </None>
    <None Include="res\Colour.ico">
      <Filter>Resource Files</Filter>
    </None>
    <None Include="res\Edit_Items.ico">
      <Filter>Resource Files</Filter>
    </None>
    <None Include="res\Edit_People.ico">
      <Filter>Resource Files</Filter>
    </None>
    <None Include="res\Find.ico">
      <Filter>Resource Files</Filter>
    </None>
    <None Include="res\Help.ico">
      <Filter>Resource Files</Filter>
    </None>
    <None Include="res\Items.ico">
      <Filter>Resource Files</Filter>
    </None>
    <None Include="res\Launcher.ico">
      <Filter>Resource Files</Filter>
    </None>
    <None Include="res\Misc.ico">
      <Filter>Resource Files</Filter>
    </None>
    <None Include="res\People.ico">
      <Filter>Resource Files</Filter>
    </None>
    <None Include="res\Reminder.ico">
      <Filter>Resource Files</Filter>
    </None>
    <None Include="res\Settings.ico">
      <Filter>Resource Files</Filter>
    </None>
    <None Include="res\World.ico">
      <Filter>Resource Files</Filter>
    </None>
    <None Include="res\Zoom_In.ico">
      <Filter>Resource Files</Filter>
    </None>
    <None Include="res\General.ico">
      <Filter>Resource Files</Filter>
    </None>
    <None Include="res\Commands.ico">
      <Filter>Resource Files</Filter>
    </None>
    <None Include="Extra\Lang">
      <Filter>Default DB Files</Filter>
    </None>
    <None Include="Extra\command">
      <Filter>Default DB Files</Filter>
    </None>
    <None Include="Extra\changelog.txt" />
    <None Include="Extra\Settings">
      <Filter>Default DB Files</Filter>
    </None>
    <None Include="res\Apply.ico">
      <Filter>Resource Files</Filter>
    </None>
    <None Include="res\Delete.ico">
      <Filter>Resource Files</Filter>
    </None>
    <None Include="hlp\zoomout.PNG">
      <Filter>HTML Help Files\Images</Filter>
    </None>
    <None Include="hlp\find.PNG">
      <Filter>HTML Help Files\Images</Filter>
    </None>
    <None Include="hlp\palette.PNG">
      <Filter>HTML Help Files\Images</Filter>
    </None>
    <None Include="hlp\world.PNG">
      <Filter>HTML Help Files\Images</Filter>
    </None>
    <None Include="hlp\zoomin.PNG">
      <Filter>HTML Help Files\Images</Filter>
    </None>
    <None Include="hlp\Welcome.htm">
      <Filter>HTML Help Files\Topics</Filter>
    </None>
    <None Include="hlp\Setting_General.htm">
      <Filter>HTML Help Files\Topics</Filter>
    </None>
    <None Include="res\Axis3.ico">
      <Filter>Resource Files</Filter>
    </None>
    <None Include="res\Axis3.rc2">
      <Filter>Resource Files</Filter>
    </None>
    <None Include="hlp\Axis3.hhc">
      <Filter>HTML Help Files</Filter>
    </None>
    <None Include="hlp\Axis3.hhk">
      <Filter>HTML Help Files</Filter>
    </None>
    <None Include="hlp\Setting_Viewer.htm">
      <Filter>HTML Help Files\Topics</Filter>
    </None>
    <None Include="hlp\Setting_Profiles.htm">
      <Filter>HTML Help Files\Topics</Filter>
    </None>
    <None Include="hlp\Axis3.chw">
      <Filter>HTML Help Files</Filter>
    </None>
  </ItemGroup>
  <ItemGroup>
    <ClInclude Include="stdafx.h">
      <Filter>Misc Files</Filter>
    </ClInclude>
    <ClInclude Include="targetver.h">
      <Filter>Misc Files</Filter>
    </ClInclude>
    <ClInclude Include="TabCtrl\Tools.h">
      <Filter>Misc Files\TabCtrl</Filter>
    </ClInclude>
    <ClInclude Include="TabCtrl\TabCtrl.h">
      <Filter>Misc Files\TabCtrl</Filter>
    </ClInclude>
    <ClInclude Include="TabCtrl\Draw.h">
      <Filter>Misc Files\TabCtrl</Filter>
    </ClInclude>
    <ClInclude Include="DialogPage.h">
      <Filter>Misc Files\TabCtrl</Filter>
    </ClInclude>
    <ClInclude Include="AccountTab.h">
      <Filter>Tab Pages</Filter>
    </ClInclude>
    <ClInclude Include="TravelTab.h">
      <Filter>Tab Pages</Filter>
    </ClInclude>
    <ClInclude Include="CharTweakTab.h">
      <Filter>Tab Pages</Filter>
    </ClInclude>
    <ClInclude Include="GeneralTab.h">
      <Filter>Tab Pages</Filter>
    </ClInclude>
    <ClInclude Include="ItemsTab.h">
      <Filter>Tab Pages</Filter>
    </ClInclude>
    <ClInclude Include="ItemsTweakTab.h">
      <Filter>Tab Pages</Filter>
    </ClInclude>
    <ClInclude Include="LauncherTab.h">
      <Filter>Tab Pages</Filter>
    </ClInclude>
    <ClInclude Include="MiscTab.h">
      <Filter>Tab Pages</Filter>
    </ClInclude>
    <ClInclude Include="ReminderTab.h">
      <Filter>Tab Pages</Filter>
    </ClInclude>
    <ClInclude Include="SpawnTab.h">
      <Filter>Tab Pages</Filter>
    </ClInclude>
    <ClInclude Include="CommandsTab.h">
      <Filter>Tab Pages</Filter>
    </ClInclude>
    <ClInclude Include="AboutDlg.h">
      <Filter>Misc Dialogs</Filter>
    </ClInclude>
    <ClInclude Include="Common.h">
      <Filter>Misc Files</Filter>
    </ClInclude>
    <ClInclude Include="CommandPage.h">
      <Filter>Misc Files\TabCtrl</Filter>
    </ClInclude>
    <ClInclude Include="sqlite3.h">
      <Filter>SQLite Database</Filter>
    </ClInclude>
    <ClInclude Include="SQLite.h">
      <Filter>SQLite Database</Filter>
    </ClInclude>
    <ClInclude Include="CommandButton.h">
      <Filter>Misc Files\TabCtrl</Filter>
    </ClInclude>
    <ClInclude Include="RemoteConsoleLoginDlg.h">
      <Filter>Remote Console</Filter>
    </ClInclude>
    <ClInclude Include="RemoteConsoleDlg.h">
      <Filter>Remote Console</Filter>
    </ClInclude>
    <ClInclude Include="ProfileDlg.h">
      <Filter>Misc Dialogs</Filter>
    </ClInclude>
    <ClInclude Include="SearchCritDlg.h">
      <Filter>Misc Dialogs</Filter>
    </ClInclude>
    <ClInclude Include="SettingEdit.h">
      <Filter>Settings Dialogs</Filter>
    </ClInclude>
    <ClInclude Include="Settings_Viewer.h">
      <Filter>Settings Dialogs</Filter>
    </ClInclude>
    <ClInclude Include="LangEdit.h">
      <Filter>Settings Dialogs</Filter>
    </ClInclude>
    <ClInclude Include="Settings_General.h">
      <Filter>Settings Dialogs</Filter>
    </ClInclude>
    <ClInclude Include="hlp\HTMLDefines.h">
      <Filter>HTML Help Files</Filter>
    </ClInclude>
    <ClInclude Include="BitmapEx.h">
      <Filter>Misc Files\BitmapCtrl</Filter>
    </ClInclude>
    <ClInclude Include="Axis3.h">
      <Filter>Main Dialog</Filter>
    </ClInclude>
    <ClInclude Include="Axis3Dlg.h">
      <Filter>Main Dialog</Filter>
    </ClInclude>
    <ClInclude Include="BtnST.h">
      <Filter>Misc Files\ButtonCtrl</Filter>
    </ClInclude>
    <ClInclude Include="CMulUOP.h">
      <Filter>Misc Files\Mul UOP</Filter>
    </ClInclude>
  </ItemGroup>
  <ItemGroup>
    <ClCompile Include="TabCtrl\TabCtrl.cpp">
      <Filter>Misc Files\TabCtrl</Filter>
    </ClCompile>
    <ClCompile Include="DialogPage.cpp">
      <Filter>Misc Files\TabCtrl</Filter>
    </ClCompile>
    <ClCompile Include="AccountTab.cpp">
      <Filter>Tab Pages</Filter>
    </ClCompile>
    <ClCompile Include="CharTweakTab.cpp">
      <Filter>Tab Pages</Filter>
    </ClCompile>
    <ClCompile Include="GeneralTab.cpp">
      <Filter>Tab Pages</Filter>
    </ClCompile>
    <ClCompile Include="ItemsTab.cpp">
      <Filter>Tab Pages</Filter>
    </ClCompile>
    <ClCompile Include="ItemsTweakTab.cpp">
      <Filter>Tab Pages</Filter>
    </ClCompile>
    <ClCompile Include="LauncherTab.cpp">
      <Filter>Tab Pages</Filter>
    </ClCompile>
    <ClCompile Include="MiscTab.cpp">
      <Filter>Tab Pages</Filter>
    </ClCompile>
    <ClCompile Include="ReminderTab.cpp">
      <Filter>Tab Pages</Filter>
    </ClCompile>
    <ClCompile Include="SpawnTab.cpp">
      <Filter>Tab Pages</Filter>
    </ClCompile>
    <ClCompile Include="TravelTab.cpp">
      <Filter>Tab Pages</Filter>
    </ClCompile>
    <ClCompile Include="CommandsTab.cpp">
      <Filter>Tab Pages</Filter>
    </ClCompile>
    <ClCompile Include="AboutDlg.cpp">
      <Filter>Misc Dialogs</Filter>
    </ClCompile>
    <ClCompile Include="stdafx.cpp">
      <Filter>Misc Files</Filter>
    </ClCompile>
    <ClCompile Include="Common.cpp">
      <Filter>Misc Files</Filter>
    </ClCompile>
    <ClCompile Include="CommandPage.cpp">
      <Filter>Misc Files\TabCtrl</Filter>
    </ClCompile>
    <ClCompile Include="SQLite.cpp">
      <Filter>SQLite Database</Filter>
    </ClCompile>
    <ClCompile Include="sqlite3.c">
      <Filter>SQLite Database</Filter>
    </ClCompile>
    <ClCompile Include="CommandButton.cpp">
      <Filter>Misc Files\TabCtrl</Filter>
    </ClCompile>
    <ClCompile Include="RemoteConsoleLoginDlg.cpp">
      <Filter>Remote Console</Filter>
    </ClCompile>
    <ClCompile Include="RemoteConsoleDlg.cpp">
      <Filter>Remote Console</Filter>
    </ClCompile>
    <ClCompile Include="ProfileDlg.cpp">
      <Filter>Misc Dialogs</Filter>
    </ClCompile>
    <ClCompile Include="SearchCritDlg.cpp">
      <Filter>Misc Dialogs</Filter>
    </ClCompile>
    <ClCompile Include="SettingEdit.cpp">
      <Filter>Settings Dialogs</Filter>
    </ClCompile>
    <ClCompile Include="Settings_Viewer.cpp">
      <Filter>Settings Dialogs</Filter>
    </ClCompile>
    <ClCompile Include="LangEdit.cpp">
      <Filter>Settings Dialogs</Filter>
    </ClCompile>
    <ClCompile Include="Settings_General.cpp">
      <Filter>Settings Dialogs</Filter>
    </ClCompile>
    <ClCompile Include="BitmapEx.cpp">
      <Filter>Misc Files\BitmapCtrl</Filter>
    </ClCompile>
    <ClCompile Include="Axis3.cpp">
      <Filter>Main Dialog</Filter>
    </ClCompile>
    <ClCompile Include="Axis3Dlg.cpp">
      <Filter>Main Dialog</Filter>
    </ClCompile>
    <ClCompile Include="BtnST.cpp">
      <Filter>Misc Files\ButtonCtrl</Filter>
    </ClCompile>
    <ClCompile Include="CMulUOP.cpp">
      <Filter>Misc Files\Mul UOP</Filter>
    </ClCompile>
  </ItemGroup>
  <ItemGroup>
    <CustomBuild Include="Resource.h">
      <Filter>Misc Files</Filter>
    </CustomBuild>
    <CustomBuild Include="hlp\Axis3.hhp">
      <Filter>HTML Help Files</Filter>
    </CustomBuild>
  </ItemGroup>
  <ItemGroup>
    <ResourceCompile Include="Axis3.rc">
      <Filter>Resource Files</Filter>
    </ResourceCompile>
  </ItemGroup>
</Project>